{
  "originHash" : "817a9bd39231ad0344aa1ab0936bb27a8dbf27ac0bd73364758ade1ae4ef0e5c",
  "pins" : [
    {
      "identity" : "audiokit",
      "kind" : "remoteSourceControl",
      "location" : "https://github.com/AudioKit/AudioKit",
      "state" : {
        "revision" : "2ebd422855e4645d3169f83d1765d1c8196b4f46",
        "version" : "5.6.4"
      }
    },
    {
      "identity" : "mapbox-common-ios",
      "kind" : "remoteSourceControl",
      "location" : "https://github.com/mapbox/mapbox-common-ios.git",
      "state" : {
        "revision" : "c0a4714b17df735682bf49dbefc088bd18d4d35d",
        "version" : "24.13.3"
      }
    },
    {
      "identity" : "mapbox-core-maps-ios",
      "kind" : "remoteSourceControl",
      "location" : "https://github.com/mapbox/mapbox-core-maps-ios.git",
      "state" : {
        "revision" : "0ccc2e993f6648a1613c59088cd9f8115920f8df",
        "version" : "11.13.3"
      }
    },
    {
      "identity" : "mapbox-maps-ios",
      "kind" : "remoteSourceControl",
      "location" : "https://github.com/mapbox/mapbox-maps-ios.git",
      "state" : {
        "revision" : "be0253833d03357d6b3a260c793c7ee09581ad3f",
        "version" : "11.13.3"
      }
    },
    {
      "identity" : "turf-swift",
      "kind" : "remoteSourceControl",
      "location" : "https://github.com/mapbox/turf-swift.git",
      "state" : {
        "revision" : "bf840e6b9529d105687840fe2c9dcd74197d46d1",
        "version" : "4.0.0"
      }
    },
    {
      "identity" : "variableblur",
      "kind" : "remoteSourceControl",
      "location" : "https://github.com/nikstar/VariableBlur",
      "state" : {
        "branch" : "main",
        "revision" : "c8dc0ada195dfd47354cec5994c2dd434aa6c146"
      }
    },
    {
      "identity" : "zipfoundation",
      "kind" : "remoteSourceControl",
      "location" : "https://github.com/weichsel/ZIPFoundation.git",
      "state" : {
        "revision" : "02b6abe5f6eef7e3cbd5f247c5cc24e246efcfe0",
        "version" : "0.9.19"
      }
    }
  ],
  "version" : 3
}
