{
  "originHash" : "a50bff75d2e3eeb89bf115f6243b5ddb100b4d98abda84bbeed348d4704c428e",
  "pins" : [
    {
      "identity" : "audiokit",
      "kind" : "remoteSourceControl",
      "location" : "https://github.com/AudioKit/AudioKit",
      "state" : {
        "revision" : "2ebd422855e4645d3169f83d1765d1c8196b4f46",
        "version" : "5.6.4"
      }
    },
    {
      "identity" : "glur",
      "kind" : "remoteSourceControl",
      "location" : "https://github.com/joogps/Glur.git",
      "state" : {
        "revision" : "9e00ff79da318f2c78b749b1027e54a9d4de2e33",
        "version" : "1.0.4"
      }
    },
    {
      "identity" : "variableblur",
      "kind" : "remoteSourceControl",
      "location" : "https://github.com/nikstar/VariableBlur",
      "state" : {
        "branch" : "main",
        "revision" : "c8dc0ada195dfd47354cec5994c2dd434aa6c146"
      }
    }
  ],
  "version" : 3
}
